// !$*UTF8*$!
{
	archiveVersion = 1;
	classes = {
	};
	objectVersion = 46;
	objects = {

/* Begin PBXBuildFile section */
		87921A6B19F9A47500B68A28 /* main.m in Sources */ = {isa = PBXBuildFile; fileRef = 87921A6A19F9A47500B68A28 /* main.m */; };
		87921A6E19F9A47500B68A28 /* AppDelegate.m in Sources */ = {isa = PBXBuildFile; fileRef = 87921A6D19F9A47500B68A28 /* AppDelegate.m */; };
		87921A7119F9A47500B68A28 /* ViewController.m in Sources */ = {isa = PBXBuildFile; fileRef = 87921A7019F9A47500B68A28 /* ViewController.m */; };
		87921A7419F9A47500B68A28 /* Main.storyboard in Resources */ = {isa = PBXBuildFile; fileRef = 87921A7219F9A47500B68A28 /* Main.storyboard */; };
		87921A7619F9A47500B68A28 /* Images.xcassets in Resources */ = {isa = PBXBuildFile; fileRef = 87921A7519F9A47500B68A28 /* Images.xcassets */; };
		87921A7919F9A47500B68A28 /* LaunchScreen.xib in Resources */ = {isa = PBXBuildFile; fileRef = 87921A7719F9A47500B68A28 /* LaunchScreen.xib */; };
		87921A8519F9A47500B68A28 /* CodeChallenge_1Tests.m in Sources */ = {isa = PBXBuildFile; fileRef = 87921A8419F9A47500B68A28 /* CodeChallenge_1Tests.m */; };
/* End PBXBuildFile section */

/* Begin PBXContainerItemProxy section */
		87921A7F19F9A47500B68A28 /* PBXContainerItemProxy */ = {
			isa = PBXContainerItemProxy;
			containerPortal = 87921A5D19F9A47400B68A28 /* Project object */;
			proxyType = 1;
			remoteGlobalIDString = 87921A6419F9A47400B68A28;
			remoteInfo = "CodeChallenge 1";
		};
/* End PBXContainerItemProxy section */

/* Begin PBXFileReference section */
		87921A6519F9A47400B68A28 /* CodeChallenge 1.app */ = {isa = PBXFileReference; explicitFileType = wrapper.application; includeInIndex = 0; path = "CodeChallenge 1.app"; sourceTree = BUILT_PRODUCTS_DIR; };
		87921A6919F9A47400B68A28 /* Info.plist */ = {isa = PBXFileReference; lastKnownFileType = text.plist.xml; path = Info.plist; sourceTree = "<group>"; };
		87921A6A19F9A47500B68A28 /* main.m */ = {isa = PBXFileReference; lastKnownFileType = sourcecode.c.objc; path = main.m; sourceTree = "<group>"; };
		87921A6C19F9A47500B68A28 /* AppDelegate.h */ = {isa = PBXFileReference; lastKnownFileType = sourcecode.c.h; path = AppDelegate.h; sourceTree = "<group>"; };
		87921A6D19F9A47500B68A28 /* AppDelegate.m */ = {isa = PBXFileReference; lastKnownFileType = sourcecode.c.objc; path = AppDelegate.m; sourceTree = "<group>"; };
		87921A6F19F9A47500B68A28 /* ViewController.h */ = {isa = PBXFileReference; lastKnownFileType = sourcecode.c.h; path = ViewController.h; sourceTree = "<group>"; };
		87921A7019F9A47500B68A28 /* ViewController.m */ = {isa = PBXFileReference; lastKnownFileType = sourcecode.c.objc; path = ViewController.m; sourceTree = "<group>"; };
		87921A7319F9A47500B68A28 /* Base */ = {isa = PBXFileReference; lastKnownFileType = file.storyboard; name = Base; path = Base.lproj/Main.storyboard; sourceTree = "<group>"; };
		87921A7519F9A47500B68A28 /* Images.xcassets */ = {isa = PBXFileReference; lastKnownFileType = folder.assetcatalog; path = Images.xcassets; sourceTree = "<group>"; };
		87921A7819F9A47500B68A28 /* Base */ = {isa = PBXFileReference; lastKnownFileType = file.xib; name = Base; path = Base.lproj/LaunchScreen.xib; sourceTree = "<group>"; };
		87921A7E19F9A47500B68A28 /* CodeChallenge 1Tests.xctest */ = {isa = PBXFileReference; explicitFileType = wrapper.cfbundle; includeInIndex = 0; path = "CodeChallenge 1Tests.xctest"; sourceTree = BUILT_PRODUCTS_DIR; };
		87921A8319F9A47500B68A28 /* Info.plist */ = {isa = PBXFileReference; lastKnownFileType = text.plist.xml; path = Info.plist; sourceTree = "<group>"; };
		87921A8419F9A47500B68A28 /* CodeChallenge_1Tests.m */ = {isa = PBXFileReference; lastKnownFileType = sourcecode.c.objc; path = CodeChallenge_1Tests.m; sourceTree = "<group>"; };
/* End PBXFileReference section */

/* Begin PBXFrameworksBuildPhase section */
		87921A6219F9A47400B68A28 /* Frameworks */ = {
			isa = PBXFrameworksBuildPhase;
			buildActionMask = 2147483647;
			files = (
			);
			runOnlyForDeploymentPostprocessing = 0;
		};
		87921A7B19F9A47500B68A28 /* Frameworks */ = {
			isa = PBXFrameworksBuildPhase;
			buildActionMask = 2147483647;
			files = (
			);
			runOnlyForDeploymentPostprocessing = 0;
		};
/* End PBXFrameworksBuildPhase section */

/* Begin PBXGroup section */
		87921A5C19F9A47400B68A28 = {
			isa = PBXGroup;
			children = (
				87921A6719F9A47400B68A28 /* CodeChallenge 1 */,
				87921A8119F9A47500B68A28 /* CodeChallenge 1Tests */,
				87921A6619F9A47400B68A28 /* Products */,
			);
			sourceTree = "<group>";
		};
		87921A6619F9A47400B68A28 /* Products */ = {
			isa = PBXGroup;
			children = (
				87921A6519F9A47400B68A28 /* CodeChallenge 1.app */,
				87921A7E19F9A47500B68A28 /* CodeChallenge 1Tests.xctest */,
			);
			name = Products;
			sourceTree = "<group>";
		};
		87921A6719F9A47400B68A28 /* CodeChallenge 1 */ = {
			isa = PBXGroup;
			children = (
				87921A6C19F9A47500B68A28 /* AppDelegate.h */,
				87921A6D19F9A47500B68A28 /* AppDelegate.m */,
				87921A6F19F9A47500B68A28 /* ViewController.h */,
				87921A7019F9A47500B68A28 /* ViewController.m */,
				87921A7219F9A47500B68A28 /* Main.storyboard */,
				87921A7519F9A47500B68A28 /* Images.xcassets */,
				87921A7719F9A47500B68A28 /* LaunchScreen.xib */,
				87921A6819F9A47400B68A28 /* Supporting Files */,
			);
			path = "CodeChallenge 1";
			sourceTree = "<group>";
		};
		87921A6819F9A47400B68A28 /* Supporting Files */ = {
			isa = PBXGroup;
			children = (
				87921A6919F9A47400B68A28 /* Info.plist */,
				87921A6A19F9A47500B68A28 /* main.m */,
			);
			name = "Supporting Files";
			sourceTree = "<group>";
		};
		87921A8119F9A47500B68A28 /* CodeChallenge 1Tests */ = {
			isa = PBXGroup;
			children = (
				87921A8419F9A47500B68A28 /* CodeChallenge_1Tests.m */,
				87921A8219F9A47500B68A28 /* Supporting Files */,
			);
			path = "CodeChallenge 1Tests";
			sourceTree = "<group>";
		};
		87921A8219F9A47500B68A28 /* Supporting Files */ = {
			isa = PBXGroup;
			children = (
				87921A8319F9A47500B68A28 /* Info.plist */,
			);
			name = "Supporting Files";
			sourceTree = "<group>";
		};
/* End PBXGroup section */

/* Begin PBXNativeTarget section */
		87921A6419F9A47400B68A28 /* CodeChallenge 1 */ = {
			isa = PBXNativeTarget;
			buildConfigurationList = 87921A8819F9A47500B68A28 /* Build configuration list for PBXNativeTarget "CodeChallenge 1" */;
			buildPhases = (
				87921A6119F9A47400B68A28 /* Sources */,
				87921A6219F9A47400B68A28 /* Frameworks */,
				87921A6319F9A47400B68A28 /* Resources */,
			);
			buildRules = (
			);
			dependencies = (
			);
			name = "CodeChallenge 1";
			productName = "CodeChallenge 1";
			productReference = 87921A6519F9A47400B68A28 /* CodeChallenge 1.app */;
			productType = "com.apple.product-type.application";
		};
		87921A7D19F9A47500B68A28 /* CodeChallenge 1Tests */ = {
			isa = PBXNativeTarget;
			buildConfigurationList = 87921A8B19F9A47500B68A28 /* Build configuration list for PBXNativeTarget "CodeChallenge 1Tests" */;
			buildPhases = (
				87921A7A19F9A47500B68A28 /* Sources */,
				87921A7B19F9A47500B68A28 /* Frameworks */,
				87921A7C19F9A47500B68A28 /* Resources */,
			);
			buildRules = (
			);
			dependencies = (
				87921A8019F9A47500B68A28 /* PBXTargetDependency */,
			);
			name = "CodeChallenge 1Tests";
			productName = "CodeChallenge 1Tests";
			productReference = 87921A7E19F9A47500B68A28 /* CodeChallenge 1Tests.xctest */;
			productType = "com.apple.product-type.bundle.unit-test";
		};
/* End PBXNativeTarget section */

/* Begin PBXProject section */
		87921A5D19F9A47400B68A28 /* Project object */ = {
			isa = PBXProject;
			attributes = {
				LastUpgradeCheck = 0610;
				ORGANIZATIONNAME = "Supreme Overlord";
				TargetAttributes = {
					87921A6419F9A47400B68A28 = {
						CreatedOnToolsVersion = 6.1;
					};
					87921A7D19F9A47500B68A28 = {
						CreatedOnToolsVersion = 6.1;
						TestTargetID = 87921A6419F9A47400B68A28;
					};
				};
			};
			buildConfigurationList = 87921A6019F9A47400B68A28 /* Build configuration list for PBXProject "CodeChallenge 1" */;
			compatibilityVersion = "Xcode 3.2";
			developmentRegion = English;
			hasScannedForEncodings = 0;
			knownRegions = (
				en,
				Base,
			);
			mainGroup = 87921A5C19F9A47400B68A28;
			productRefGroup = 87921A6619F9A47400B68A28 /* Products */;
			projectDirPath = "";
			projectRoot = "";
			targets = (
				87921A6419F9A47400B68A28 /* CodeChallenge 1 */,
				87921A7D19F9A47500B68A28 /* CodeChallenge 1Tests */,
			);
		};
/* End PBXProject section */

/* Begin PBXResourcesBuildPhase section */
		87921A6319F9A47400B68A28 /* Resources */ = {
			isa = PBXResourcesBuildPhase;
			buildActionMask = 2147483647;
			files = (
				87921A7419F9A47500B68A28 /* Main.storyboard in Resources */,
				87921A7919F9A47500B68A28 /* LaunchScreen.xib in Resources */,
				87921A7619F9A47500B68A28 /* Images.xcassets in Resources */,
			);
			runOnlyForDeploymentPostprocessing = 0;
		};
		87921A7C19F9A47500B68A28 /* Resources */ = {
			isa = PBXResourcesBuildPhase;
			buildActionMask = 2147483647;
			files = (
			);
			runOnlyForDeploymentPostprocessing = 0;
		};
/* End PBXResourcesBuildPhase section */

/* Begin PBXSourcesBuildPhase section */
		87921A6119F9A47400B68A28 /* Sources */ = {
			isa = PBXSourcesBuildPhase;
			buildActionMask = 2147483647;
			files = (
				87921A7119F9A47500B68A28 /* ViewController.m in Sources */,
				87921A6E19F9A47500B68A28 /* AppDelegate.m in Sources */,
				87921A6B19F9A47500B68A28 /* main.m in Sources */,
			);
			runOnlyForDeploymentPostprocessing = 0;
		};
		87921A7A19F9A47500B68A28 /* Sources */ = {
			isa = PBXSourcesBuildPhase;
			buildActionMask = 2147483647;
			files = (
				87921A8519F9A47500B68A28 /* CodeChallenge_1Tests.m in Sources */,
			);
			runOnlyForDeploymentPostprocessing = 0;
		};
/* End PBXSourcesBuildPhase section */

/* Begin PBXTargetDependency section */
		87921A8019F9A47500B68A28 /* PBXTargetDependency */ = {
			isa = PBXTargetDependency;
			target = 87921A6419F9A47400B68A28 /* CodeChallenge 1 */;
			targetProxy = 87921A7F19F9A47500B68A28 /* PBXContainerItemProxy */;
		};
/* End PBXTargetDependency section */

/* Begin PBXVariantGroup section */
		87921A7219F9A47500B68A28 /* Main.storyboard */ = {
			isa = PBXVariantGroup;
			children = (
				87921A7319F9A47500B68A28 /* Base */,
			);
			name = Main.storyboard;
			sourceTree = "<group>";
		};
		87921A7719F9A47500B68A28 /* LaunchScreen.xib */ = {
			isa = PBXVariantGroup;
			children = (
				87921A7819F9A47500B68A28 /* Base */,
			);
			name = LaunchScreen.xib;
			sourceTree = "<group>";
		};
/* End PBXVariantGroup section */

/* Begin XCBuildConfiguration section */
		87921A8619F9A47500B68A28 /* Debug */ = {
			isa = XCBuildConfiguration;
			buildSettings = {
				ALWAYS_SEARCH_USER_PATHS = NO;
				CLANG_CXX_LANGUAGE_STANDARD = "gnu++0x";
				CLANG_CXX_LIBRARY = "libc++";
				CLANG_ENABLE_MODULES = YES;
				CLANG_ENABLE_OBJC_ARC = YES;
				CLANG_WARN_BOOL_CONVERSION = YES;
				CLANG_WARN_CONSTANT_CONVERSION = YES;
				CLANG_WARN_DIRECT_OBJC_ISA_USAGE = YES_ERROR;
				CLANG_WARN_EMPTY_BODY = YES;
				CLANG_WARN_ENUM_CONVERSION = YES;
				CLANG_WARN_INT_CONVERSION = YES;
				CLANG_WARN_OBJC_ROOT_CLASS = YES_ERROR;
				CLANG_WARN_UNREACHABLE_CODE = YES;
				CLANG_WARN__DUPLICATE_METHOD_MATCH = YES;
				"CODE_SIGN_IDENTITY[sdk=iphoneos*]" = "iPhone Developer";
				COPY_PHASE_STRIP = NO;
				ENABLE_STRICT_OBJC_MSGSEND = YES;
				GCC_C_LANGUAGE_STANDARD = gnu99;
				GCC_DYNAMIC_NO_PIC = NO;
				GCC_OPTIMIZATION_LEVEL = 0;
				GCC_PREPROCESSOR_DEFINITIONS = (
					"DEBUG=1",
					"$(inherited)",
				);
				GCC_SYMBOLS_PRIVATE_EXTERN = NO;
				GCC_WARN_64_TO_32_BIT_CONVERSION = YES;
				GCC_WARN_ABOUT_RETURN_TYPE = YES_ERROR;
				GCC_WARN_UNDECLARED_SELECTOR = YES;
				GCC_WARN_UNINITIALIZED_AUTOS = YES_AGGRESSIVE;
				GCC_WARN_UNUSED_FUNCTION = YES;
				GCC_WARN_UNUSED_VARIABLE = YES;
				IPHONEOS_DEPLOYMENT_TARGET = 8.1;
				MTL_ENABLE_DEBUG_INFO = YES;
				ONLY_ACTIVE_ARCH = YES;
				SDKROOT = iphoneos;
			};
			name = Debug;
		};
		87921A8719F9A47500B68A28 /* Release */ = {
			isa = XCBuildConfiguration;
			buildSettings = {
				ALWAYS_SEARCH_USER_PATHS = NO;
				CLANG_CXX_LANGUAGE_STANDARD = "gnu++0x";
				CLANG_CXX_LIBRARY = "libc++";
				CLANG_ENABLE_MODULES = YES;
				CLANG_ENABLE_OBJC_ARC = YES;
				CLANG_WARN_BOOL_CONVERSION = YES;
				CLANG_WARN_CONSTANT_CONVERSION = YES;
				CLANG_WARN_DIRECT_OBJC_ISA_USAGE = YES_ERROR;
				CLANG_WARN_EMPTY_BODY = YES;
				CLANG_WARN_ENUM_CONVERSION = YES;
				CLANG_WARN_INT_CONVERSION = YES;
				CLANG_WARN_OBJC_ROOT_CLASS = YES_ERROR;
				CLANG_WARN_UNREACHABLE_CODE = YES;
				CLANG_WARN__DUPLICATE_METHOD_MATCH = YES;
				"CODE_SIGN_IDENTITY[sdk=iphoneos*]" = "iPhone Developer";
				COPY_PHASE_STRIP = YES;
				ENABLE_NS_ASSERTIONS = NO;
				ENABLE_STRICT_OBJC_MSGSEND = YES;
				GCC_C_LANGUAGE_STANDARD = gnu99;
				GCC_WARN_64_TO_32_BIT_CONVERSION = YES;
				GCC_WARN_ABOUT_RETURN_TYPE = YES_ERROR;
				GCC_WARN_UNDECLARED_SELECTOR = YES;
				GCC_WARN_UNINITIALIZED_AUTOS = YES_AGGRESSIVE;
				GCC_WARN_UNUSED_FUNCTION = YES;
				GCC_WARN_UNUSED_VARIABLE = YES;
				IPHONEOS_DEPLOYMENT_TARGET = 8.1;
				MTL_ENABLE_DEBUG_INFO = NO;
				SDKROOT = iphoneos;
				VALIDATE_PRODUCT = YES;
			};
			name = Release;
		};
		87921A8919F9A47500B68A28 /* Debug */ = {
			isa = XCBuildConfiguration;
			buildSettings = {
				ASSETCATALOG_COMPILER_APPICON_NAME = AppIcon;
				INFOPLIST_FILE = "CodeChallenge 1/Info.plist";
				LD_RUNPATH_SEARCH_PATHS = "$(inherited) @executable_path/Frameworks";
				PRODUCT_NAME = "$(TARGET_NAME)";
			};
			name = Debug;
		};
		87921A8A19F9A47500B68A28 /* Release */ = {
			isa = XCBuildConfiguration;
			buildSettings = {
				ASSETCATALOG_COMPILER_APPICON_NAME = AppIcon;
				INFOPLIST_FILE = "CodeChallenge 1/Info.plist";
				LD_RUNPATH_SEARCH_PATHS = "$(inherited) @executable_path/Frameworks";
				PRODUCT_NAME = "$(TARGET_NAME)";
			};
			name = Release;
		};
		87921A8C19F9A47500B68A28 /* Debug */ = {
			isa = XCBuildConfiguration;
			buildSettings = {
				BUNDLE_LOADER = "$(TEST_HOST)";
				FRAMEWORK_SEARCH_PATHS = (
					"$(SDKROOT)/Developer/Library/Frameworks",
					"$(inherited)",
				);
				GCC_PREPROCESSOR_DEFINITIONS = (
					"DEBUG=1",
					"$(inherited)",
				);
				INFOPLIST_FILE = "CodeChallenge 1Tests/Info.plist";
				LD_RUNPATH_SEARCH_PATHS = "$(inherited) @executable_path/Frameworks @loader_path/Frameworks";
				PRODUCT_NAME = "$(TARGET_NAME)";
				TEST_HOST = "$(BUILT_PRODUCTS_DIR)/CodeChallenge 1.app/CodeChallenge 1";
			};
			name = Debug;
		};
		87921A8D19F9A47500B68A28 /* Release */ = {
			isa = XCBuildConfiguration;
			buildSettings = {
				BUNDLE_LOADER = "$(TEST_HOST)";
				FRAMEWORK_SEARCH_PATHS = (
					"$(SDKROOT)/Developer/Library/Frameworks",
					"$(inherited)",
				);
				INFOPLIST_FILE = "CodeChallenge 1Tests/Info.plist";
				LD_RUNPATH_SEARCH_PATHS = "$(inherited) @executable_path/Frameworks @loader_path/Frameworks";
				PRODUCT_NAME = "$(TARGET_NAME)";
				TEST_HOST = "$(BUILT_PRODUCTS_DIR)/CodeChallenge 1.app/CodeChallenge 1";
			};
			name = Release;
		};
/* End XCBuildConfiguration section */

/* Begin XCConfigurationList section */
		87921A6019F9A47400B68A28 /* Build configuration list for PBXProject "CodeChallenge 1" */ = {
			isa = XCConfigurationList;
			buildConfigurations = (
				87921A8619F9A47500B68A28 /* Debug */,
				87921A8719F9A47500B68A28 /* Release */,
			);
			defaultConfigurationIsVisible = 0;
			defaultConfigurationName = Release;
		};
		87921A8819F9A47500B68A28 /* Build configuration list for PBXNativeTarget "CodeChallenge 1" */ = {
			isa = XCConfigurationList;
			buildConfigurations = (
				87921A8919F9A47500B68A28 /* Debug */,
				87921A8A19F9A47500B68A28 /* Release */,
			);
			defaultConfigurationIsVisible = 0;
		};
		87921A8B19F9A47500B68A28 /* Build configuration list for PBXNativeTarget "CodeChallenge 1Tests" */ = {
			isa = XCConfigurationList;
			buildConfigurations = (
				87921A8C19F9A47500B68A28 /* Debug */,
				87921A8D19F9A47500B68A28 /* Release */,
			);
			defaultConfigurationIsVisible = 0;
		};
/* End XCConfigurationList section */
	};
	rootObject = 87921A5D19F9A47400B68A28 /* Project object */;
}
